// !$*UTF8*$!
{
	archiveVersion = 1;
	classes = {
	};
	objectVersion = 46;
	objects = {

/* Begin PBXBuildFile section */
		1D60589F0D05DD5A006BFB54 /* Foundation.framework in Frameworks */ = {isa = PBXBuildFile; fileRef = 1D30AB110D05D00D00671497 /* Foundation.framework */; };
		1DF5F4E00D08C38300B7A737 /* UIKit.framework in Frameworks */ = {isa = PBXBuildFile; fileRef = 1DF5F4DF0D08C38300B7A737 /* UIKit.framework */; };
		288765FD0DF74451002DB57D /* CoreGraphics.framework in Frameworks */ = {isa = PBXBuildFile; fileRef = 288765FC0DF74451002DB57D /* CoreGraphics.framework */; };
		6631671713D680A500FF0CBE /* NetworkPhotoAlbumViewController.m in Sources */ = {isa = PBXBuildFile; fileRef = 6631671613D680A500FF0CBE /* NetworkPhotoAlbumViewController.m */; };
		6631673613D6825800FF0CBE /* CatalogTableViewController.m in Sources */ = {isa = PBXBuildFile; fileRef = 6631673513D6825800FF0CBE /* CatalogTableViewController.m */; };
		6631680D13D6891F00FF0CBE /* DribbblePhotoAlbumViewController.m in Sources */ = {isa = PBXBuildFile; fileRef = 6631680C13D6891F00FF0CBE /* DribbblePhotoAlbumViewController.m */; };
		665E0C0813CE82A1008A1D21 /* FacebookPhotoAlbumViewController.m in Sources */ = {isa = PBXBuildFile; fileRef = 665E0C0713CE82A1008A1D21 /* FacebookPhotoAlbumViewController.m */; };
		66EA058313C011D6004FFE1A /* AppDelegate.m in Sources */ = {isa = PBXBuildFile; fileRef = 66EA058113C011D6004FFE1A /* AppDelegate.m */; };
		66EA058813C011EC004FFE1A /* main.m in Sources */ = {isa = PBXBuildFile; fileRef = 66EA058713C011EC004FFE1A /* main.m */; };
		896FEC368CA64810A668FBB6 /* libPods.a in Frameworks */ = {isa = PBXBuildFile; fileRef = D8D58B0ED5034140943599E6 /* libPods.a */; };
/* End PBXBuildFile section */

/* Begin PBXFileReference section */
		1D30AB110D05D00D00671497 /* Foundation.framework */ = {isa = PBXFileReference; lastKnownFileType = wrapper.framework; name = Foundation.framework; path = System/Library/Frameworks/Foundation.framework; sourceTree = SDKROOT; };
		1D6058910D05DD3D006BFB54 /* NetworkPhotoAlbum.app */ = {isa = PBXFileReference; explicitFileType = wrapper.application; includeInIndex = 0; path = NetworkPhotoAlbum.app; sourceTree = BUILT_PRODUCTS_DIR; };
		1DF5F4DF0D08C38300B7A737 /* UIKit.framework */ = {isa = PBXFileReference; lastKnownFileType = wrapper.framework; name = UIKit.framework; path = System/Library/Frameworks/UIKit.framework; sourceTree = SDKROOT; };
		288765FC0DF74451002DB57D /* CoreGraphics.framework */ = {isa = PBXFileReference; lastKnownFileType = wrapper.framework; name = CoreGraphics.framework; path = System/Library/Frameworks/CoreGraphics.framework; sourceTree = SDKROOT; };
		6631671513D680A500FF0CBE /* NetworkPhotoAlbumViewController.h */ = {isa = PBXFileReference; fileEncoding = 4; lastKnownFileType = sourcecode.c.h; name = NetworkPhotoAlbumViewController.h; path = src/NetworkPhotoAlbumViewController.h; sourceTree = "<group>"; };
		6631671613D680A500FF0CBE /* NetworkPhotoAlbumViewController.m */ = {isa = PBXFileReference; fileEncoding = 4; lastKnownFileType = sourcecode.c.objc; name = NetworkPhotoAlbumViewController.m; path = src/NetworkPhotoAlbumViewController.m; sourceTree = "<group>"; };
		6631673413D6825800FF0CBE /* CatalogTableViewController.h */ = {isa = PBXFileReference; fileEncoding = 4; lastKnownFileType = sourcecode.c.h; name = CatalogTableViewController.h; path = src/CatalogTableViewController.h; sourceTree = "<group>"; };
		6631673513D6825800FF0CBE /* CatalogTableViewController.m */ = {isa = PBXFileReference; fileEncoding = 4; lastKnownFileType = sourcecode.c.objc; name = CatalogTableViewController.m; path = src/CatalogTableViewController.m; sourceTree = "<group>"; };
		6631680B13D6891F00FF0CBE /* DribbblePhotoAlbumViewController.h */ = {isa = PBXFileReference; fileEncoding = 4; lastKnownFileType = sourcecode.c.h; name = DribbblePhotoAlbumViewController.h; path = src/DribbblePhotoAlbumViewController.h; sourceTree = "<group>"; };
		6631680C13D6891F00FF0CBE /* DribbblePhotoAlbumViewController.m */ = {isa = PBXFileReference; fileEncoding = 4; lastKnownFileType = sourcecode.c.objc; name = DribbblePhotoAlbumViewController.m; path = src/DribbblePhotoAlbumViewController.m; sourceTree = "<group>"; };
		665E0C0613CE82A1008A1D21 /* FacebookPhotoAlbumViewController.h */ = {isa = PBXFileReference; fileEncoding = 4; lastKnownFileType = sourcecode.c.h; name = FacebookPhotoAlbumViewController.h; path = src/FacebookPhotoAlbumViewController.h; sourceTree = "<group>"; };
		665E0C0713CE82A1008A1D21 /* FacebookPhotoAlbumViewController.m */ = {isa = PBXFileReference; fileEncoding = 4; lastKnownFileType = sourcecode.c.objc; name = FacebookPhotoAlbumViewController.m; path = src/FacebookPhotoAlbumViewController.m; sourceTree = "<group>"; };
		669815F513D5082E00417E8B /* libz.dylib */ = {isa = PBXFileReference; lastKnownFileType = "compiled.mach-o.dylib"; name = libz.dylib; path = usr/lib/libz.dylib; sourceTree = SDKROOT; };
		669815F713D5083200417E8B /* MobileCoreServices.framework */ = {isa = PBXFileReference; lastKnownFileType = wrapper.framework; name = MobileCoreServices.framework; path = System/Library/Frameworks/MobileCoreServices.framework; sourceTree = SDKROOT; };
		669815FB13D5083600417E8B /* SystemConfiguration.framework */ = {isa = PBXFileReference; lastKnownFileType = wrapper.framework; name = SystemConfiguration.framework; path = System/Library/Frameworks/SystemConfiguration.framework; sourceTree = SDKROOT; };
		669815FF13D5083A00417E8B /* CFNetwork.framework */ = {isa = PBXFileReference; lastKnownFileType = wrapper.framework; name = CFNetwork.framework; path = System/Library/Frameworks/CFNetwork.framework; sourceTree = SDKROOT; };
		66EA058013C011D6004FFE1A /* AppDelegate.h */ = {isa = PBXFileReference; fileEncoding = 4; lastKnownFileType = sourcecode.c.h; name = AppDelegate.h; path = src/AppDelegate.h; sourceTree = "<group>"; };
		66EA058113C011D6004FFE1A /* AppDelegate.m */ = {isa = PBXFileReference; fileEncoding = 4; lastKnownFileType = sourcecode.c.objc; name = AppDelegate.m; path = src/AppDelegate.m; sourceTree = "<group>"; };
		66EA058213C011D6004FFE1A /* NetworkPhotoAlbum_Prefix.pch */ = {isa = PBXFileReference; fileEncoding = 4; lastKnownFileType = sourcecode.c.h; name = NetworkPhotoAlbum_Prefix.pch; path = src/NetworkPhotoAlbum_Prefix.pch; sourceTree = "<group>"; };
		66EA058713C011EC004FFE1A /* main.m */ = {isa = PBXFileReference; fileEncoding = 4; lastKnownFileType = sourcecode.c.objc; name = main.m; path = src/main.m; sourceTree = "<group>"; };
		66EA05A213C01297004FFE1A /* NetworkPhotoAlbum-Info.plist */ = {isa = PBXFileReference; fileEncoding = 4; lastKnownFileType = text.plist.xml; name = "NetworkPhotoAlbum-Info.plist"; path = "resources/NetworkPhotoAlbum-Info.plist"; sourceTree = "<group>"; };
		66EAC47F13D2368100BDFF34 /* README.mdown */ = {isa = PBXFileReference; fileEncoding = 4; lastKnownFileType = text; path = README.mdown; sourceTree = "<group>"; };
		BF6F1B87837B415092E04FD2 /* Pods.xcconfig */ = {isa = PBXFileReference; lastKnownFileType = text.xcconfig; name = Pods.xcconfig; path = Pods/Pods.xcconfig; sourceTree = SOURCE_ROOT; };
		D8D58B0ED5034140943599E6 /* libPods.a */ = {isa = PBXFileReference; explicitFileType = archive.ar; includeInIndex = 0; path = libPods.a; sourceTree = BUILT_PRODUCTS_DIR; };
/* End PBXFileReference section */

/* Begin PBXFrameworksBuildPhase section */
		1D60588F0D05DD3D006BFB54 /* Frameworks */ = {
			isa = PBXFrameworksBuildPhase;
			buildActionMask = 2147483647;
			files = (
				1D60589F0D05DD5A006BFB54 /* Foundation.framework in Frameworks */,
				1DF5F4E00D08C38300B7A737 /* UIKit.framework in Frameworks */,
				288765FD0DF74451002DB57D /* CoreGraphics.framework in Frameworks */,
				896FEC368CA64810A668FBB6 /* libPods.a in Frameworks */,
			);
			runOnlyForDeploymentPostprocessing = 0;
		};
/* End PBXFrameworksBuildPhase section */

/* Begin PBXGroup section */
		19C28FACFE9D520D11CA2CBB /* Products */ = {
			isa = PBXGroup;
			children = (
				1D6058910D05DD3D006BFB54 /* NetworkPhotoAlbum.app */,
			);
			name = Products;
			sourceTree = "<group>";
		};
		29B97314FDCFA39411CA2CEA /* CustomTemplate */ = {
			isa = PBXGroup;
			children = (
				66EAC47F13D2368100BDFF34 /* README.mdown */,
				66EA058213C011D6004FFE1A /* NetworkPhotoAlbum_Prefix.pch */,
				66EA057A13C011C0004FFE1A /* Source */,
				66EA059D13C0128E004FFE1A /* Resources */,
				29B97323FDCFA39411CA2CEA /* Frameworks */,
				19C28FACFE9D520D11CA2CBB /* Products */,
				BF6F1B87837B415092E04FD2 /* Pods.xcconfig */,
			);
			indentWidth = 2;
			name = CustomTemplate;
			sourceTree = "<group>";
			tabWidth = 2;
		};
		29B97323FDCFA39411CA2CEA /* Frameworks */ = {
			isa = PBXGroup;
			children = (
				669815F513D5082E00417E8B /* libz.dylib */,
				669815F713D5083200417E8B /* MobileCoreServices.framework */,
				669815FB13D5083600417E8B /* SystemConfiguration.framework */,
				669815FF13D5083A00417E8B /* CFNetwork.framework */,
				1DF5F4DF0D08C38300B7A737 /* UIKit.framework */,
				1D30AB110D05D00D00671497 /* Foundation.framework */,
				288765FC0DF74451002DB57D /* CoreGraphics.framework */,
				D8D58B0ED5034140943599E6 /* libPods.a */,
			);
			name = Frameworks;
			sourceTree = "<group>";
		};
		6631673713D6825D00FF0CBE /* Photo Album View Controllers */ = {
			isa = PBXGroup;
			children = (
				6631671513D680A500FF0CBE /* NetworkPhotoAlbumViewController.h */,
				6631671613D680A500FF0CBE /* NetworkPhotoAlbumViewController.m */,
				6631680213D688FC00FF0CBE /* Dribbble */,
				6631673813D6826600FF0CBE /* Facebook */,
			);
			name = "Photo Album View Controllers";
			sourceTree = "<group>";
		};
		6631673813D6826600FF0CBE /* Facebook */ = {
			isa = PBXGroup;
			children = (
				665E0C0613CE82A1008A1D21 /* FacebookPhotoAlbumViewController.h */,
				665E0C0713CE82A1008A1D21 /* FacebookPhotoAlbumViewController.m */,
			);
			name = Facebook;
			sourceTree = "<group>";
		};
		6631680213D688FC00FF0CBE /* Dribbble */ = {
			isa = PBXGroup;
			children = (
				6631680B13D6891F00FF0CBE /* DribbblePhotoAlbumViewController.h */,
				6631680C13D6891F00FF0CBE /* DribbblePhotoAlbumViewController.m */,
			);
			name = Dribbble;
			sourceTree = "<group>";
		};
		66EA057A13C011C0004FFE1A /* Source */ = {
			isa = PBXGroup;
			children = (
				66EA058013C011D6004FFE1A /* AppDelegate.h */,
				66EA058113C011D6004FFE1A /* AppDelegate.m */,
				66EA058713C011EC004FFE1A /* main.m */,
				6631673413D6825800FF0CBE /* CatalogTableViewController.h */,
				6631673513D6825800FF0CBE /* CatalogTableViewController.m */,
				6631673713D6825D00FF0CBE /* Photo Album View Controllers */,
			);
			name = Source;
			sourceTree = "<group>";
		};
		66EA059D13C0128E004FFE1A /* Resources */ = {
			isa = PBXGroup;
			children = (
				66EA05A213C01297004FFE1A /* NetworkPhotoAlbum-Info.plist */,
			);
			name = Resources;
			sourceTree = "<group>";
		};
/* End PBXGroup section */

/* Begin PBXNativeTarget section */
		1D6058900D05DD3D006BFB54 /* NetworkPhotoAlbum */ = {
			isa = PBXNativeTarget;
			buildConfigurationList = 1D6058960D05DD3E006BFB54 /* Build configuration list for PBXNativeTarget "NetworkPhotoAlbum" */;
			buildPhases = (
				1D60588D0D05DD3D006BFB54 /* Resources */,
				1D60588E0D05DD3D006BFB54 /* Sources */,
				1D60588F0D05DD3D006BFB54 /* Frameworks */,
				D1936ABE09C14A9786F3667B /* Copy Pods Resources */,
			);
			buildRules = (
			);
			dependencies = (
			);
			name = NetworkPhotoAlbum;
			productName = NetworkPhotoAlbum;
			productReference = 1D6058910D05DD3D006BFB54 /* NetworkPhotoAlbum.app */;
			productType = "com.apple.product-type.application";
		};
/* End PBXNativeTarget section */

/* Begin PBXProject section */
		29B97313FDCFA39411CA2CEA /* Project object */ = {
			isa = PBXProject;
			attributes = {
				LastUpgradeCheck = 0410;
			};
			buildConfigurationList = C01FCF4E08A954540054247B /* Build configuration list for PBXProject "NetworkPhotoAlbum" */;
			compatibilityVersion = "Xcode 3.2";
			developmentRegion = English;
			hasScannedForEncodings = 1;
			knownRegions = (
				English,
				Japanese,
				French,
				German,
			);
			mainGroup = 29B97314FDCFA39411CA2CEA /* CustomTemplate */;
			projectDirPath = "";
			projectRoot = "";
			targets = (
				1D6058900D05DD3D006BFB54 /* NetworkPhotoAlbum */,
			);
		};
/* End PBXProject section */

/* Begin PBXResourcesBuildPhase section */
		1D60588D0D05DD3D006BFB54 /* Resources */ = {
			isa = PBXResourcesBuildPhase;
			buildActionMask = 2147483647;
			files = (
			);
			runOnlyForDeploymentPostprocessing = 0;
		};
/* End PBXResourcesBuildPhase section */

/* Begin PBXShellScriptBuildPhase section */
		D1936ABE09C14A9786F3667B /* Copy Pods Resources */ = {
			isa = PBXShellScriptBuildPhase;
			buildActionMask = 2147483647;
			files = (
			);
			inputPaths = (
			);
			name = "Copy Pods Resources";
			outputPaths = (
			);
			runOnlyForDeploymentPostprocessing = 0;
			shellPath = /bin/sh;
			shellScript = "\"${SRCROOT}/Pods/Pods-resources.sh\"\n";
		};
/* End PBXShellScriptBuildPhase section */

/* Begin PBXSourcesBuildPhase section */
		1D60588E0D05DD3D006BFB54 /* Sources */ = {
			isa = PBXSourcesBuildPhase;
			buildActionMask = 2147483647;
			files = (
				66EA058313C011D6004FFE1A /* AppDelegate.m in Sources */,
				66EA058813C011EC004FFE1A /* main.m in Sources */,
				665E0C0813CE82A1008A1D21 /* FacebookPhotoAlbumViewController.m in Sources */,
				6631671713D680A500FF0CBE /* NetworkPhotoAlbumViewController.m in Sources */,
				6631673613D6825800FF0CBE /* CatalogTableViewController.m in Sources */,
				6631680D13D6891F00FF0CBE /* DribbblePhotoAlbumViewController.m in Sources */,
			);
			runOnlyForDeploymentPostprocessing = 0;
		};
/* End PBXSourcesBuildPhase section */

/* Begin XCBuildConfiguration section */
		1D6058940D05DD3E006BFB54 /* Debug */ = {
			isa = XCBuildConfiguration;
			baseConfigurationReference = BF6F1B87837B415092E04FD2 /* Pods.xcconfig */;
			buildSettings = {
				COPY_PHASE_STRIP = NO;
				DSTROOT = /tmp/xcodeproj.dst;
				GCC_DYNAMIC_NO_PIC = NO;
				GCC_OPTIMIZATION_LEVEL = 0;
				GCC_PRECOMPILE_PREFIX_HEADER = YES;
				GCC_PREFIX_HEADER = src/NetworkPhotoAlbum_Prefix.pch;
				"GCC_PREPROCESSOR_DEFINITIONS[arch=*]" = DEBUG;
				GCC_VERSION = com.apple.compilers.llvmgcc42;
				INFOPLIST_FILE = "resources/NetworkPhotoAlbum-Info.plist";
				IPHONEOS_DEPLOYMENT_TARGET = 4.0;
				PRODUCT_NAME = NetworkPhotoAlbum;
				SDKROOT = iphoneos;
				SKIP_INSTALL = YES;
			};
			name = Debug;
		};
		1D6058950D05DD3E006BFB54 /* Release */ = {
			isa = XCBuildConfiguration;
			baseConfigurationReference = BF6F1B87837B415092E04FD2 /* Pods.xcconfig */;
			buildSettings = {
				COPY_PHASE_STRIP = YES;
				DSTROOT = /tmp/xcodeproj.dst;
				GCC_PRECOMPILE_PREFIX_HEADER = YES;
				GCC_PREFIX_HEADER = src/NetworkPhotoAlbum_Prefix.pch;
				GCC_VERSION = com.apple.compilers.llvmgcc42;
				INFOPLIST_FILE = "resources/NetworkPhotoAlbum-Info.plist";
				IPHONEOS_DEPLOYMENT_TARGET = 4.0;
				PRODUCT_NAME = NetworkPhotoAlbum;
				SDKROOT = iphoneos;
				SKIP_INSTALL = YES;
				VALIDATE_PRODUCT = YES;
			};
			name = Release;
		};
		C01FCF4F08A954540054247B /* Debug */ = {
			isa = XCBuildConfiguration;
			buildSettings = {
				ARCHS = "$(ARCHS_STANDARD_32_BIT)";
				"CODE_SIGN_IDENTITY[sdk=iphoneos*]" = "iPhone Developer";
				GCC_C_LANGUAGE_STANDARD = c99;
				GCC_WARN_ABOUT_RETURN_TYPE = YES;
				GCC_WARN_UNUSED_VARIABLE = YES;
				SDKROOT = iphoneos;
				TARGETED_DEVICE_FAMILY = "1,2";
			};
			name = Debug;
		};
		C01FCF5008A954540054247B /* Release */ = {
			isa = XCBuildConfiguration;
			buildSettings = {
				ARCHS = "$(ARCHS_STANDARD_32_BIT)";
				"CODE_SIGN_IDENTITY[sdk=iphoneos*]" = "iPhone Developer";
				GCC_C_LANGUAGE_STANDARD = c99;
				GCC_WARN_ABOUT_RETURN_TYPE = YES;
				GCC_WARN_UNUSED_VARIABLE = YES;
				OTHER_CFLAGS = "-DNS_BLOCK_ASSERTIONS=1";
				SDKROOT = iphoneos;
				TARGETED_DEVICE_FAMILY = "1,2";
			};
			name = Release;
		};
/* End XCBuildConfiguration section */

/* Begin XCConfigurationList section */
		1D6058960D05DD3E006BFB54 /* Build configuration list for PBXNativeTarget "NetworkPhotoAlbum" */ = {
			isa = XCConfigurationList;
			buildConfigurations = (
				1D6058940D05DD3E006BFB54 /* Debug */,
				1D6058950D05DD3E006BFB54 /* Release */,
			);
			defaultConfigurationIsVisible = 0;
			defaultConfigurationName = Release;
		};
		C01FCF4E08A954540054247B /* Build configuration list for PBXProject "NetworkPhotoAlbum" */ = {
			isa = XCConfigurationList;
			buildConfigurations = (
				C01FCF4F08A954540054247B /* Debug */,
				C01FCF5008A954540054247B /* Release */,
			);
			defaultConfigurationIsVisible = 0;
			defaultConfigurationName = Release;
		};
/* End XCConfigurationList section */
	};
	rootObject = 29B97313FDCFA39411CA2CEA /* Project object */;
}
