// !$*UTF8*$!
{
	archiveVersion = 1;
	classes = {
	};
	objectVersion = 46;
	objects = {

/* Begin PBXBuildFile section */
		6623B4ADCF64423EA6B2DE54 /* libPods.a in Frameworks */ = {isa = PBXBuildFile; fileRef = F06834DDCB21472F95177F0F /* libPods.a */; };
		66B4E8D613E4BC290098787F /* UIKit.framework in Frameworks */ = {isa = PBXBuildFile; fileRef = 66B4E8D513E4BC290098787F /* UIKit.framework */; };
		66B4E8D813E4BC290098787F /* Foundation.framework in Frameworks */ = {isa = PBXBuildFile; fileRef = 66B4E8D713E4BC290098787F /* Foundation.framework */; };
		66B4E8DA13E4BC290098787F /* CoreGraphics.framework in Frameworks */ = {isa = PBXBuildFile; fileRef = 66B4E8D913E4BC290098787F /* CoreGraphics.framework */; };
		66B4E95D13E4C0270098787F /* CoreLocation.framework in Frameworks */ = {isa = PBXBuildFile; fileRef = 66B4E95C13E4C0270098787F /* CoreLocation.framework */; };
		66B4E97C13E63BE10098787F /* AppDelegate.m in Sources */ = {isa = PBXBuildFile; fileRef = 66B4E97813E63BE10098787F /* AppDelegate.m */; };
		66B4E97D13E63BE10098787F /* CatalogTableViewController.m in Sources */ = {isa = PBXBuildFile; fileRef = 66B4E97A13E63BE10098787F /* CatalogTableViewController.m */; };
		66B4E97E13E63BE10098787F /* main.m in Sources */ = {isa = PBXBuildFile; fileRef = 66B4E97B13E63BE10098787F /* main.m */; };
		66D41BC713E64AAE00EB047A /* dilly.jpg in Resources */ = {isa = PBXBuildFile; fileRef = 66D41BC613E64AAE00EB047A /* dilly.jpg */; };
/* End PBXBuildFile section */

/* Begin PBXFileReference section */
		5EC897BCE75B498998EB7237 /* Pods.xcconfig */ = {isa = PBXFileReference; lastKnownFileType = text.xcconfig; name = Pods.xcconfig; path = Pods/Pods.xcconfig; sourceTree = SOURCE_ROOT; };
		66B4E8D113E4BC290098787F /* InterAppCatalog.app */ = {isa = PBXFileReference; explicitFileType = wrapper.application; includeInIndex = 0; path = InterAppCatalog.app; sourceTree = BUILT_PRODUCTS_DIR; };
		66B4E8D513E4BC290098787F /* UIKit.framework */ = {isa = PBXFileReference; lastKnownFileType = wrapper.framework; name = UIKit.framework; path = System/Library/Frameworks/UIKit.framework; sourceTree = SDKROOT; };
		66B4E8D713E4BC290098787F /* Foundation.framework */ = {isa = PBXFileReference; lastKnownFileType = wrapper.framework; name = Foundation.framework; path = System/Library/Frameworks/Foundation.framework; sourceTree = SDKROOT; };
		66B4E8D913E4BC290098787F /* CoreGraphics.framework */ = {isa = PBXFileReference; lastKnownFileType = wrapper.framework; name = CoreGraphics.framework; path = System/Library/Frameworks/CoreGraphics.framework; sourceTree = SDKROOT; };
		66B4E95C13E4C0270098787F /* CoreLocation.framework */ = {isa = PBXFileReference; lastKnownFileType = wrapper.framework; name = CoreLocation.framework; path = System/Library/Frameworks/CoreLocation.framework; sourceTree = SDKROOT; };
		66B4E97513E63BD00098787F /* InterAppCatalog_Prefix.pch */ = {isa = PBXFileReference; fileEncoding = 4; lastKnownFileType = sourcecode.c.h; name = InterAppCatalog_Prefix.pch; path = src/InterAppCatalog_Prefix.pch; sourceTree = "<group>"; };
		66B4E97613E63BD80098787F /* InterAppCatalog-Info.plist */ = {isa = PBXFileReference; lastKnownFileType = text.plist.xml; name = "InterAppCatalog-Info.plist"; path = "resources/InterAppCatalog-Info.plist"; sourceTree = SOURCE_ROOT; };
		66B4E97713E63BE10098787F /* AppDelegate.h */ = {isa = PBXFileReference; fileEncoding = 4; lastKnownFileType = sourcecode.c.h; name = AppDelegate.h; path = src/AppDelegate.h; sourceTree = SOURCE_ROOT; };
		66B4E97813E63BE10098787F /* AppDelegate.m */ = {isa = PBXFileReference; fileEncoding = 4; lastKnownFileType = sourcecode.c.objc; name = AppDelegate.m; path = src/AppDelegate.m; sourceTree = SOURCE_ROOT; };
		66B4E97913E63BE10098787F /* CatalogTableViewController.h */ = {isa = PBXFileReference; fileEncoding = 4; lastKnownFileType = sourcecode.c.h; name = CatalogTableViewController.h; path = src/CatalogTableViewController.h; sourceTree = SOURCE_ROOT; };
		66B4E97A13E63BE10098787F /* CatalogTableViewController.m */ = {isa = PBXFileReference; fileEncoding = 4; lastKnownFileType = sourcecode.c.objc; name = CatalogTableViewController.m; path = src/CatalogTableViewController.m; sourceTree = SOURCE_ROOT; };
		66B4E97B13E63BE10098787F /* main.m */ = {isa = PBXFileReference; fileEncoding = 4; lastKnownFileType = sourcecode.c.objc; name = main.m; path = src/main.m; sourceTree = SOURCE_ROOT; };
		66D41BC613E64AAE00EB047A /* dilly.jpg */ = {isa = PBXFileReference; lastKnownFileType = image.jpeg; name = dilly.jpg; path = resources/dilly.jpg; sourceTree = SOURCE_ROOT; };
		F06834DDCB21472F95177F0F /* libPods.a */ = {isa = PBXFileReference; explicitFileType = archive.ar; includeInIndex = 0; path = libPods.a; sourceTree = BUILT_PRODUCTS_DIR; };
/* End PBXFileReference section */

/* Begin PBXFrameworksBuildPhase section */
		66B4E8CE13E4BC290098787F /* Frameworks */ = {
			isa = PBXFrameworksBuildPhase;
			buildActionMask = 2147483647;
			files = (
				66B4E95D13E4C0270098787F /* CoreLocation.framework in Frameworks */,
				66B4E8D613E4BC290098787F /* UIKit.framework in Frameworks */,
				66B4E8D813E4BC290098787F /* Foundation.framework in Frameworks */,
				66B4E8DA13E4BC290098787F /* CoreGraphics.framework in Frameworks */,
				6623B4ADCF64423EA6B2DE54 /* libPods.a in Frameworks */,
			);
			runOnlyForDeploymentPostprocessing = 0;
		};
/* End PBXFrameworksBuildPhase section */

/* Begin PBXGroup section */
		66B4E8C613E4BC290098787F = {
			isa = PBXGroup;
			children = (
				66B4E97513E63BD00098787F /* InterAppCatalog_Prefix.pch */,
				66B4E8DE13E4BC290098787F /* Source */,
				66B4E8E413E4BC290098787F /* Resources */,
				66B4E8D413E4BC290098787F /* Frameworks */,
				66B4E8D213E4BC290098787F /* Products */,
				5EC897BCE75B498998EB7237 /* Pods.xcconfig */,
			);
			sourceTree = "<group>";
		};
		66B4E8D213E4BC290098787F /* Products */ = {
			isa = PBXGroup;
			children = (
				66B4E8D113E4BC290098787F /* InterAppCatalog.app */,
			);
			name = Products;
			sourceTree = "<group>";
		};
		66B4E8D413E4BC290098787F /* Frameworks */ = {
			isa = PBXGroup;
			children = (
				66B4E95C13E4C0270098787F /* CoreLocation.framework */,
				66B4E8D513E4BC290098787F /* UIKit.framework */,
				66B4E8D713E4BC290098787F /* Foundation.framework */,
				66B4E8D913E4BC290098787F /* CoreGraphics.framework */,
				F06834DDCB21472F95177F0F /* libPods.a */,
			);
			name = Frameworks;
			sourceTree = "<group>";
		};
		66B4E8DE13E4BC290098787F /* Source */ = {
			isa = PBXGroup;
			children = (
				66B4E95413E4BD200098787F /* Controllers */,
				66B4E97713E63BE10098787F /* AppDelegate.h */,
				66B4E97813E63BE10098787F /* AppDelegate.m */,
				66B4E97B13E63BE10098787F /* main.m */,
			);
			name = Source;
			path = NIInterAppCatalog;
			sourceTree = "<group>";
		};
		66B4E8E413E4BC290098787F /* Resources */ = {
			isa = PBXGroup;
			children = (
				66D41BC613E64AAE00EB047A /* dilly.jpg */,
				66B4E97613E63BD80098787F /* InterAppCatalog-Info.plist */,
			);
			name = Resources;
			path = NIInterAppCatalog;
			sourceTree = "<group>";
		};
		66B4E95413E4BD200098787F /* Controllers */ = {
			isa = PBXGroup;
			children = (
				66B4E97913E63BE10098787F /* CatalogTableViewController.h */,
				66B4E97A13E63BE10098787F /* CatalogTableViewController.m */,
			);
			name = Controllers;
			sourceTree = "<group>";
		};
/* End PBXGroup section */

/* Begin PBXNativeTarget section */
		66B4E8D013E4BC290098787F /* InterAppCatalog */ = {
			isa = PBXNativeTarget;
			buildConfigurationList = 66B4E8E813E4BC290098787F /* Build configuration list for PBXNativeTarget "InterAppCatalog" */;
			buildPhases = (
				66B4E8CD13E4BC290098787F /* Sources */,
				66B4E8CE13E4BC290098787F /* Frameworks */,
				66B4E8CF13E4BC290098787F /* Resources */,
				D8C09A728F744884B044F541 /* Copy Pods Resources */,
			);
			buildRules = (
			);
			dependencies = (
			);
			name = InterAppCatalog;
			productName = NIInterAppCatalog;
			productReference = 66B4E8D113E4BC290098787F /* InterAppCatalog.app */;
			productType = "com.apple.product-type.application";
		};
/* End PBXNativeTarget section */

/* Begin PBXProject section */
		66B4E8C813E4BC290098787F /* Project object */ = {
			isa = PBXProject;
			attributes = {
				LastUpgradeCheck = 0420;
				ORGANIZATIONNAME = "Jeff Verkoeyen";
			};
			buildConfigurationList = 66B4E8CB13E4BC290098787F /* Build configuration list for PBXProject "InterAppCatalog" */;
			compatibilityVersion = "Xcode 3.2";
			developmentRegion = English;
			hasScannedForEncodings = 0;
			knownRegions = (
				en,
			);
			mainGroup = 66B4E8C613E4BC290098787F;
			productRefGroup = 66B4E8D213E4BC290098787F /* Products */;
			projectDirPath = "";
			projectRoot = "";
			targets = (
				66B4E8D013E4BC290098787F /* InterAppCatalog */,
			);
		};
/* End PBXProject section */

/* Begin PBXResourcesBuildPhase section */
		66B4E8CF13E4BC290098787F /* Resources */ = {
			isa = PBXResourcesBuildPhase;
			buildActionMask = 2147483647;
			files = (
				66D41BC713E64AAE00EB047A /* dilly.jpg in Resources */,
			);
			runOnlyForDeploymentPostprocessing = 0;
		};
/* End PBXResourcesBuildPhase section */

/* Begin PBXShellScriptBuildPhase section */
		D8C09A728F744884B044F541 /* Copy Pods Resources */ = {
			isa = PBXShellScriptBuildPhase;
			buildActionMask = 2147483647;
			files = (
			);
			inputPaths = (
			);
			name = "Copy Pods Resources";
			outputPaths = (
			);
			runOnlyForDeploymentPostprocessing = 0;
			shellPath = /bin/sh;
			shellScript = "\"${SRCROOT}/Pods/Pods-resources.sh\"\n";
		};
/* End PBXShellScriptBuildPhase section */

/* Begin PBXSourcesBuildPhase section */
		66B4E8CD13E4BC290098787F /* Sources */ = {
			isa = PBXSourcesBuildPhase;
			buildActionMask = 2147483647;
			files = (
				66B4E97C13E63BE10098787F /* AppDelegate.m in Sources */,
				66B4E97D13E63BE10098787F /* CatalogTableViewController.m in Sources */,
				66B4E97E13E63BE10098787F /* main.m in Sources */,
			);
			runOnlyForDeploymentPostprocessing = 0;
		};
/* End PBXSourcesBuildPhase section */

/* Begin XCBuildConfiguration section */
		66B4E8E613E4BC290098787F /* Debug */ = {
			isa = XCBuildConfiguration;
			buildSettings = {
				ARCHS = "$(ARCHS_STANDARD_32_BIT)";
				"CODE_SIGN_IDENTITY[sdk=iphoneos*]" = "iPhone Developer";
				GCC_C_LANGUAGE_STANDARD = gnu99;
				GCC_OPTIMIZATION_LEVEL = 0;
				GCC_PREPROCESSOR_DEFINITIONS = DEBUG;
				GCC_SYMBOLS_PRIVATE_EXTERN = NO;
				GCC_VERSION = com.apple.compilers.llvmgcc42;
				GCC_WARN_ABOUT_RETURN_TYPE = YES;
				GCC_WARN_UNUSED_VARIABLE = YES;
				IPHONEOS_DEPLOYMENT_TARGET = 4.3;
				SDKROOT = iphoneos;
				TARGETED_DEVICE_FAMILY = "1,2";
			};
			name = Debug;
		};
		66B4E8E713E4BC290098787F /* Release */ = {
			isa = XCBuildConfiguration;
			buildSettings = {
				ARCHS = "$(ARCHS_STANDARD_32_BIT)";
				"CODE_SIGN_IDENTITY[sdk=iphoneos*]" = "iPhone Developer";
				GCC_C_LANGUAGE_STANDARD = gnu99;
				GCC_VERSION = com.apple.compilers.llvmgcc42;
				GCC_WARN_ABOUT_RETURN_TYPE = YES;
				GCC_WARN_UNUSED_VARIABLE = YES;
				IPHONEOS_DEPLOYMENT_TARGET = 4.3;
				OTHER_CFLAGS = "-DNS_BLOCK_ASSERTIONS=1";
				SDKROOT = iphoneos;
				TARGETED_DEVICE_FAMILY = "1,2";
			};
			name = Release;
		};
		66B4E8E913E4BC290098787F /* Debug */ = {
			isa = XCBuildConfiguration;
			baseConfigurationReference = 5EC897BCE75B498998EB7237 /* Pods.xcconfig */;
			buildSettings = {
				COPY_PHASE_STRIP = NO;
				DSTROOT = /tmp/xcodeproj.dst;
				GCC_DYNAMIC_NO_PIC = NO;
				GCC_PRECOMPILE_PREFIX_HEADER = YES;
				GCC_PREFIX_HEADER = src/InterAppCatalog_Prefix.pch;
				GCC_VERSION = com.apple.compilers.llvm.clang.1_0;
				INFOPLIST_FILE = "resources/InterAppCatalog-Info.plist";
				PRODUCT_NAME = InterAppCatalog;
				SKIP_INSTALL = YES;
				WRAPPER_EXTENSION = app;
			};
			name = Debug;
		};
		66B4E8EA13E4BC290098787F /* Release */ = {
			isa = XCBuildConfiguration;
			baseConfigurationReference = 5EC897BCE75B498998EB7237 /* Pods.xcconfig */;
			buildSettings = {
				COPY_PHASE_STRIP = YES;
				DSTROOT = /tmp/xcodeproj.dst;
				GCC_PRECOMPILE_PREFIX_HEADER = YES;
				GCC_PREFIX_HEADER = src/InterAppCatalog_Prefix.pch;
				GCC_VERSION = com.apple.compilers.llvm.clang.1_0;
				INFOPLIST_FILE = "resources/InterAppCatalog-Info.plist";
				PRODUCT_NAME = InterAppCatalog;
				SKIP_INSTALL = YES;
				VALIDATE_PRODUCT = YES;
				WRAPPER_EXTENSION = app;
			};
			name = Release;
		};
/* End XCBuildConfiguration section */

/* Begin XCConfigurationList section */
		66B4E8CB13E4BC290098787F /* Build configuration list for PBXProject "InterAppCatalog" */ = {
			isa = XCConfigurationList;
			buildConfigurations = (
				66B4E8E613E4BC290098787F /* Debug */,
				66B4E8E713E4BC290098787F /* Release */,
			);
			defaultConfigurationIsVisible = 0;
			defaultConfigurationName = Release;
		};
		66B4E8E813E4BC290098787F /* Build configuration list for PBXNativeTarget "InterAppCatalog" */ = {
			isa = XCConfigurationList;
			buildConfigurations = (
				66B4E8E913E4BC290098787F /* Debug */,
				66B4E8EA13E4BC290098787F /* Release */,
			);
			defaultConfigurationIsVisible = 0;
			defaultConfigurationName = Release;
		};
/* End XCConfigurationList section */
	};
	rootObject = 66B4E8C813E4BC290098787F /* Project object */;
}
