// !$*UTF8*$!
{
	archiveVersion = 1;
	classes = {
	};
	objectVersion = 46;
	objects = {

/* Begin PBXBuildFile section */
		518EF39B147D8F780011777E /* libPods.a in Frameworks */ = {isa = PBXBuildFile; fileRef = 518EF39A147D8F780011777E /* libPods.a */; };
		518EF39D147D8F860011777E /* Pods.xcconfig in Resources */ = {isa = PBXBuildFile; fileRef = 518EF39C147D8F860011777E /* Pods.xcconfig */; };
		66832D2514421450003E413C /* UIKit.framework in Frameworks */ = {isa = PBXBuildFile; fileRef = 66832D2414421450003E413C /* UIKit.framework */; };
		66832D2714421450003E413C /* Foundation.framework in Frameworks */ = {isa = PBXBuildFile; fileRef = 66832D2614421450003E413C /* Foundation.framework */; };
		66832D2914421450003E413C /* CoreGraphics.framework in Frameworks */ = {isa = PBXBuildFile; fileRef = 66832D2814421450003E413C /* CoreGraphics.framework */; };
		66832D2F14421450003E413C /* InfoPlist.strings in Resources */ = {isa = PBXBuildFile; fileRef = 66832D2D14421450003E413C /* InfoPlist.strings */; };
		66832D3114421450003E413C /* main.m in Sources */ = {isa = PBXBuildFile; fileRef = 66832D3014421450003E413C /* main.m */; };
		66832D3514421450003E413C /* AppDelegate.m in Sources */ = {isa = PBXBuildFile; fileRef = 66832D3414421450003E413C /* AppDelegate.m */; };
		66832D9914421530003E413C /* RootViewController.m in Sources */ = {isa = PBXBuildFile; fileRef = 66832D9814421530003E413C /* RootViewController.m */; };
		66832E1814442D17003E413C /* css in Resources */ = {isa = PBXBuildFile; fileRef = 66832E1714442D17003E413C /* css */; };
/* End PBXBuildFile section */

/* Begin PBXFileReference section */
		518EF39A147D8F780011777E /* libPods.a */ = {isa = PBXFileReference; lastKnownFileType = file; name = libPods.a; path = "Pods/build/Release-iphoneos/libPods.a"; sourceTree = "<group>"; };
		518EF39C147D8F860011777E /* Pods.xcconfig */ = {isa = PBXFileReference; fileEncoding = 4; lastKnownFileType = text.xcconfig; name = Pods.xcconfig; path = Pods/Pods.xcconfig; sourceTree = "<group>"; };
		66832D2014421450003E413C /* CSSDemo.app */ = {isa = PBXFileReference; explicitFileType = wrapper.application; includeInIndex = 0; path = CSSDemo.app; sourceTree = BUILT_PRODUCTS_DIR; };
		66832D2414421450003E413C /* UIKit.framework */ = {isa = PBXFileReference; lastKnownFileType = wrapper.framework; name = UIKit.framework; path = System/Library/Frameworks/UIKit.framework; sourceTree = SDKROOT; };
		66832D2614421450003E413C /* Foundation.framework */ = {isa = PBXFileReference; lastKnownFileType = wrapper.framework; name = Foundation.framework; path = System/Library/Frameworks/Foundation.framework; sourceTree = SDKROOT; };
		66832D2814421450003E413C /* CoreGraphics.framework */ = {isa = PBXFileReference; lastKnownFileType = wrapper.framework; name = CoreGraphics.framework; path = System/Library/Frameworks/CoreGraphics.framework; sourceTree = SDKROOT; };
		66832D2C14421450003E413C /* CSSDemo-Info.plist */ = {isa = PBXFileReference; lastKnownFileType = text.plist.xml; path = "CSSDemo-Info.plist"; sourceTree = "<group>"; };
		66832D2E14421450003E413C /* en */ = {isa = PBXFileReference; lastKnownFileType = text.plist.strings; name = en; path = en.lproj/InfoPlist.strings; sourceTree = "<group>"; };
		66832D3014421450003E413C /* main.m */ = {isa = PBXFileReference; lastKnownFileType = sourcecode.c.objc; path = main.m; sourceTree = "<group>"; };
		66832D3214421450003E413C /* CSSDemo-Prefix.pch */ = {isa = PBXFileReference; lastKnownFileType = sourcecode.c.h; path = "CSSDemo-Prefix.pch"; sourceTree = "<group>"; };
		66832D3314421450003E413C /* AppDelegate.h */ = {isa = PBXFileReference; lastKnownFileType = sourcecode.c.h; path = AppDelegate.h; sourceTree = "<group>"; };
		66832D3414421450003E413C /* AppDelegate.m */ = {isa = PBXFileReference; lastKnownFileType = sourcecode.c.objc; path = AppDelegate.m; sourceTree = "<group>"; };
		66832D9714421530003E413C /* RootViewController.h */ = {isa = PBXFileReference; fileEncoding = 4; lastKnownFileType = sourcecode.c.h; path = RootViewController.h; sourceTree = "<group>"; };
		66832D9814421530003E413C /* RootViewController.m */ = {isa = PBXFileReference; fileEncoding = 4; lastKnownFileType = sourcecode.c.objc; path = RootViewController.m; sourceTree = "<group>"; };
		66832E1714442D17003E413C /* css */ = {isa = PBXFileReference; lastKnownFileType = folder; name = css; path = resources/css; sourceTree = "<group>"; };
/* End PBXFileReference section */

/* Begin PBXFrameworksBuildPhase section */
		66832D1D14421450003E413C /* Frameworks */ = {
			isa = PBXFrameworksBuildPhase;
			buildActionMask = 2147483647;
			files = (
				518EF39B147D8F780011777E /* libPods.a in Frameworks */,
				66832D2514421450003E413C /* UIKit.framework in Frameworks */,
				66832D2714421450003E413C /* Foundation.framework in Frameworks */,
				66832D2914421450003E413C /* CoreGraphics.framework in Frameworks */,
			);
			runOnlyForDeploymentPostprocessing = 0;
		};
/* End PBXFrameworksBuildPhase section */

/* Begin PBXGroup section */
		66832D1514421450003E413C = {
			isa = PBXGroup;
			children = (
				66832D2A14421450003E413C /* CSSDemo */,
				66832D2314421450003E413C /* Frameworks */,
				66832D2114421450003E413C /* Products */,
				518EF39C147D8F860011777E /* Pods.xcconfig */,
			);
			sourceTree = "<group>";
		};
		66832D2114421450003E413C /* Products */ = {
			isa = PBXGroup;
			children = (
				66832D2014421450003E413C /* CSSDemo.app */,
			);
			name = Products;
			sourceTree = "<group>";
		};
		66832D2314421450003E413C /* Frameworks */ = {
			isa = PBXGroup;
			children = (
				518EF39A147D8F780011777E /* libPods.a */,
				66832D2414421450003E413C /* UIKit.framework */,
				66832D2614421450003E413C /* Foundation.framework */,
				66832D2814421450003E413C /* CoreGraphics.framework */,
			);
			name = Frameworks;
			sourceTree = "<group>";
		};
		66832D2A14421450003E413C /* CSSDemo */ = {
			isa = PBXGroup;
			children = (
				66832D3214421450003E413C /* CSSDemo-Prefix.pch */,
				66832D3F14421483003E413C /* Source */,
				66832D2B14421450003E413C /* Resources */,
			);
			path = CSSDemo;
			sourceTree = "<group>";
		};
		66832D2B14421450003E413C /* Resources */ = {
			isa = PBXGroup;
			children = (
				66832E1714442D17003E413C /* css */,
				66832D2C14421450003E413C /* CSSDemo-Info.plist */,
				66832D2D14421450003E413C /* InfoPlist.strings */,
			);
			name = Resources;
			sourceTree = "<group>";
		};
		66832D3F14421483003E413C /* Source */ = {
			isa = PBXGroup;
			children = (
				66832D961442151B003E413C /* Controllers */,
				66832D3314421450003E413C /* AppDelegate.h */,
				66832D3414421450003E413C /* AppDelegate.m */,
				66832D3014421450003E413C /* main.m */,
			);
			name = Source;
			sourceTree = "<group>";
		};
		66832D961442151B003E413C /* Controllers */ = {
			isa = PBXGroup;
			children = (
				66832D9714421530003E413C /* RootViewController.h */,
				66832D9814421530003E413C /* RootViewController.m */,
			);
			name = Controllers;
			sourceTree = "<group>";
		};
/* End PBXGroup section */

/* Begin PBXNativeTarget section */
		66832D1F14421450003E413C /* CSSDemo */ = {
			isa = PBXNativeTarget;
			buildConfigurationList = 66832D3814421450003E413C /* Build configuration list for PBXNativeTarget "CSSDemo" */;
			buildPhases = (
				66832D1C14421450003E413C /* Sources */,
				66832D1D14421450003E413C /* Frameworks */,
				66832D1E14421450003E413C /* Resources */,
			);
			buildRules = (
			);
			dependencies = (
			);
			name = CSSDemo;
			productName = CSSDemo;
			productReference = 66832D2014421450003E413C /* CSSDemo.app */;
			productType = "com.apple.product-type.application";
		};
/* End PBXNativeTarget section */

/* Begin PBXProject section */
		66832D1714421450003E413C /* Project object */ = {
			isa = PBXProject;
			attributes = {
				LastUpgradeCheck = 0420;
			};
			buildConfigurationList = 66832D1A14421450003E413C /* Build configuration list for PBXProject "CSSDemo" */;
			compatibilityVersion = "Xcode 3.2";
			developmentRegion = English;
			hasScannedForEncodings = 0;
			knownRegions = (
				en,
			);
			mainGroup = 66832D1514421450003E413C;
			productRefGroup = 66832D2114421450003E413C /* Products */;
			projectDirPath = "";
			projectRoot = "";
			targets = (
				66832D1F14421450003E413C /* CSSDemo */,
			);
		};
/* End PBXProject section */

/* Begin PBXResourcesBuildPhase section */
		66832D1E14421450003E413C /* Resources */ = {
			isa = PBXResourcesBuildPhase;
			buildActionMask = 2147483647;
			files = (
				66832D2F14421450003E413C /* InfoPlist.strings in Resources */,
				66832E1814442D17003E413C /* css in Resources */,
				518EF39D147D8F860011777E /* Pods.xcconfig in Resources */,
			);
			runOnlyForDeploymentPostprocessing = 0;
		};
/* End PBXResourcesBuildPhase section */

/* Begin PBXSourcesBuildPhase section */
		66832D1C14421450003E413C /* Sources */ = {
			isa = PBXSourcesBuildPhase;
			buildActionMask = 2147483647;
			files = (
				66832D3114421450003E413C /* main.m in Sources */,
				66832D3514421450003E413C /* AppDelegate.m in Sources */,
				66832D9914421530003E413C /* RootViewController.m in Sources */,
			);
			runOnlyForDeploymentPostprocessing = 0;
		};
/* End PBXSourcesBuildPhase section */

/* Begin PBXVariantGroup section */
		66832D2D14421450003E413C /* InfoPlist.strings */ = {
			isa = PBXVariantGroup;
			children = (
				66832D2E14421450003E413C /* en */,
			);
			name = InfoPlist.strings;
			sourceTree = "<group>";
		};
/* End PBXVariantGroup section */

/* Begin XCBuildConfiguration section */
		66832D3614421450003E413C /* Debug */ = {
			isa = XCBuildConfiguration;
			buildSettings = {
				ALWAYS_SEARCH_USER_PATHS = NO;
				ARCHS = "$(ARCHS_STANDARD_32_BIT)";
				"CODE_SIGN_IDENTITY[sdk=iphoneos*]" = "iPhone Developer";
				COPY_PHASE_STRIP = NO;
				GCC_C_LANGUAGE_STANDARD = gnu99;
				GCC_DYNAMIC_NO_PIC = NO;
				GCC_OPTIMIZATION_LEVEL = 0;
				GCC_PREPROCESSOR_DEFINITIONS = (
					"DEBUG=1",
					"$(inherited)",
				);
				GCC_SYMBOLS_PRIVATE_EXTERN = NO;
				GCC_VERSION = com.apple.compilers.llvm.clang.1_0;
				GCC_WARN_ABOUT_MISSING_PROTOTYPES = YES;
				GCC_WARN_ABOUT_RETURN_TYPE = YES;
				GCC_WARN_UNUSED_VARIABLE = YES;
				IPHONEOS_DEPLOYMENT_TARGET = 5.0;
				SDKROOT = iphoneos;
				TARGETED_DEVICE_FAMILY = "1,2";
			};
			name = Debug;
		};
		66832D3714421450003E413C /* Release */ = {
			isa = XCBuildConfiguration;
			buildSettings = {
				ALWAYS_SEARCH_USER_PATHS = NO;
				ARCHS = "$(ARCHS_STANDARD_32_BIT)";
				"CODE_SIGN_IDENTITY[sdk=iphoneos*]" = "iPhone Developer";
				COPY_PHASE_STRIP = YES;
				GCC_C_LANGUAGE_STANDARD = gnu99;
				GCC_VERSION = com.apple.compilers.llvm.clang.1_0;
				GCC_WARN_ABOUT_MISSING_PROTOTYPES = YES;
				GCC_WARN_ABOUT_RETURN_TYPE = YES;
				GCC_WARN_UNUSED_VARIABLE = YES;
				IPHONEOS_DEPLOYMENT_TARGET = 5.0;
				OTHER_CFLAGS = "-DNS_BLOCK_ASSERTIONS=1";
				SDKROOT = iphoneos;
				TARGETED_DEVICE_FAMILY = "1,2";
				VALIDATE_PRODUCT = YES;
			};
			name = Release;
		};
		66832D3914421450003E413C /* Debug */ = {
			isa = XCBuildConfiguration;
			baseConfigurationReference = 518EF39C147D8F860011777E /* Pods.xcconfig */;
			buildSettings = {
				CODE_SIGN_IDENTITY = "iPhone Developer: Jeffrey Verkoeyen (MCEM7RED85)";
				GCC_PRECOMPILE_PREFIX_HEADER = YES;
				GCC_PREFIX_HEADER = "CSSDemo/CSSDemo-Prefix.pch";
				INFOPLIST_FILE = "CSSDemo/CSSDemo-Info.plist";
				IPHONEOS_DEPLOYMENT_TARGET = 3.2;
				PRODUCT_NAME = "$(TARGET_NAME)";
				PROVISIONING_PROFILE = "06911D0B-8A67-4981-A7DE-12C7A0C08610";
				WRAPPER_EXTENSION = app;
			};
			name = Debug;
		};
		66832D3A14421450003E413C /* Release */ = {
			isa = XCBuildConfiguration;
			baseConfigurationReference = 518EF39C147D8F860011777E /* Pods.xcconfig */;
			buildSettings = {
				CODE_SIGN_IDENTITY = "iPhone Developer: Jeffrey Verkoeyen (MCEM7RED85)";
				GCC_PRECOMPILE_PREFIX_HEADER = YES;
				GCC_PREFIX_HEADER = "CSSDemo/CSSDemo-Prefix.pch";
				INFOPLIST_FILE = "CSSDemo/CSSDemo-Info.plist";
				IPHONEOS_DEPLOYMENT_TARGET = 3.2;
				PRODUCT_NAME = "$(TARGET_NAME)";
				PROVISIONING_PROFILE = "06911D0B-8A67-4981-A7DE-12C7A0C08610";
				WRAPPER_EXTENSION = app;
			};
			name = Release;
		};
/* End XCBuildConfiguration section */

/* Begin XCConfigurationList section */
		66832D1A14421450003E413C /* Build configuration list for PBXProject "CSSDemo" */ = {
			isa = XCConfigurationList;
			buildConfigurations = (
				66832D3614421450003E413C /* Debug */,
				66832D3714421450003E413C /* Release */,
			);
			defaultConfigurationIsVisible = 0;
			defaultConfigurationName = Release;
		};
		66832D3814421450003E413C /* Build configuration list for PBXNativeTarget "CSSDemo" */ = {
			isa = XCConfigurationList;
			buildConfigurations = (
				66832D3914421450003E413C /* Debug */,
				66832D3A14421450003E413C /* Release */,
			);
			defaultConfigurationIsVisible = 0;
			defaultConfigurationName = Release;
		};
/* End XCConfigurationList section */
	};
	rootObject = 66832D1714421450003E413C /* Project object */;
}
